
Microsoft Visual Studio Solution File, Format Version 12.00
# Visual Studio 14
VisualStudioVersion = 14.0.25420.1
MinimumVisualStudioVersion = 10.0.40219.1
Project("{FAE04EC0-301F-11D3-BF4B-00C04F79EFBC}") = "CustomEventDemo", "CustomEventDemo\CustomEventDemo\CustomEventDemo.csproj", "{C0E4AAFE-0561-4F05-BDEF-33EBA4A27B52}"
EndProject
Project("{FAE04EC0-301F-11D3-BF4B-00C04F79EFBC}") = "CustomEventDemo.Droid", "CustomEventDemo\CustomEventDemo.Droid\CustomEventDemo.Droid.csproj", "{9F6FA651-8525-424C-8FDD-346EDDB36976}"
EndProject
Project("{FAE04EC0-301F-11D3-BF4B-00C04F79EFBC}") = "CustomEventDemo.iOS", "CustomEventDemo\CustomEventDemo.iOS\CustomEventDemo.iOS.csproj", "{1A589C1B-C1FB-454C-9E6C-16DF2C5F709A}"
EndProject
Project("{FAE04EC0-301F-11D3-BF4B-00C04F79EFBC}") = "CustomEventDemo.WinPhone", "CustomEventDemo\CustomEventDemo.WinPhone\CustomEventDemo.WinPhone.csproj", "{B6F2F9D5-E6FB-4EB2-ADB5-95047D211857}"
EndProject
Project("{FAE04EC0-301F-11D3-BF4B-00C04F79EFBC}") = "CustomEventDemo.Windows", "CustomEventDemo\CustomEventDemo.Windows\CustomEventDemo.Windows.csproj", "{D4FFA043-CEC6-4EAD-9293-4AC5965A9D7C}"
EndProject
Global
	GlobalSection(SolutionConfigurationPlatforms) = preSolution
		Ad-Hoc|Any CPU = Ad-Hoc|Any CPU
		Ad-Hoc|ARM = Ad-Hoc|ARM
		Ad-Hoc|iPhone = Ad-Hoc|iPhone
		Ad-Hoc|iPhoneSimulator = Ad-Hoc|iPhoneSimulator
		Ad-Hoc|x64 = Ad-Hoc|x64
		Ad-Hoc|x86 = Ad-Hoc|x86
		AppStore|Any CPU = AppStore|Any CPU
		AppStore|ARM = AppStore|ARM
		AppStore|iPhone = AppStore|iPhone
		AppStore|iPhoneSimulator = AppStore|iPhoneSimulator
		AppStore|x64 = AppStore|x64
		AppStore|x86 = AppStore|x86
		Debug|Any CPU = Debug|Any CPU
		Debug|ARM = Debug|ARM
		Debug|iPhone = Debug|iPhone
		Debug|iPhoneSimulator = Debug|iPhoneSimulator
		Debug|x64 = Debug|x64
		Debug|x86 = Debug|x86
		Release|Any CPU = Release|Any CPU
		Release|ARM = Release|ARM
		Release|iPhone = Release|iPhone
		Release|iPhoneSimulator = Release|iPhoneSimulator
		Release|x64 = Release|x64
		Release|x86 = Release|x86
	EndGlobalSection
	GlobalSection(ProjectConfigurationPlatforms) = postSolution
		{C0E4AAFE-0561-4F05-BDEF-33EBA4A27B52}.Ad-Hoc|Any CPU.ActiveCfg = Release|Any CPU
		{C0E4AAFE-0561-4F05-BDEF-33EBA4A27B52}.Ad-Hoc|Any CPU.Build.0 = Release|Any CPU
		{C0E4AAFE-0561-4F05-BDEF-33EBA4A27B52}.Ad-Hoc|ARM.ActiveCfg = Release|Any CPU
		{C0E4AAFE-0561-4F05-BDEF-33EBA4A27B52}.Ad-Hoc|ARM.Build.0 = Release|Any CPU
		{C0E4AAFE-0561-4F05-BDEF-33EBA4A27B52}.Ad-Hoc|iPhone.ActiveCfg = Release|Any CPU
		{C0E4AAFE-0561-4F05-BDEF-33EBA4A27B52}.Ad-Hoc|iPhone.Build.0 = Release|Any CPU
		{C0E4AAFE-0561-4F05-BDEF-33EBA4A27B52}.Ad-Hoc|iPhoneSimulator.ActiveCfg = Release|Any CPU
		{C0E4AAFE-0561-4F05-BDEF-33EBA4A27B52}.Ad-Hoc|iPhoneSimulator.Build.0 = Release|Any CPU
		{C0E4AAFE-0561-4F05-BDEF-33EBA4A27B52}.Ad-Hoc|x64.ActiveCfg = Release|Any CPU
		{C0E4AAFE-0561-4F05-BDEF-33EBA4A27B52}.Ad-Hoc|x64.Build.0 = Release|Any CPU
		{C0E4AAFE-0561-4F05-BDEF-33EBA4A27B52}.Ad-Hoc|x86.ActiveCfg = Release|Any CPU
		{C0E4AAFE-0561-4F05-BDEF-33EBA4A27B52}.Ad-Hoc|x86.Build.0 = Release|Any CPU
		{C0E4AAFE-0561-4F05-BDEF-33EBA4A27B52}.AppStore|Any CPU.ActiveCfg = Release|Any CPU
		{C0E4AAFE-0561-4F05-BDEF-33EBA4A27B52}.AppStore|Any CPU.Build.0 = Release|Any CPU
		{C0E4AAFE-0561-4F05-BDEF-33EBA4A27B52}.AppStore|ARM.ActiveCfg = Release|Any CPU
		{C0E4AAFE-0561-4F05-BDEF-33EBA4A27B52}.AppStore|ARM.Build.0 = Release|Any CPU
		{C0E4AAFE-0561-4F05-BDEF-33EBA4A27B52}.AppStore|iPhone.ActiveCfg = Release|Any CPU
		{C0E4AAFE-0561-4F05-BDEF-33EBA4A27B52}.AppStore|iPhone.Build.0 = Release|Any CPU
		{C0E4AAFE-0561-4F05-BDEF-33EBA4A27B52}.AppStore|iPhoneSimulator.ActiveCfg = Release|Any CPU
		{C0E4AAFE-0561-4F05-BDEF-33EBA4A27B52}.AppStore|iPhoneSimulator.Build.0 = Release|Any CPU
		{C0E4AAFE-0561-4F05-BDEF-33EBA4A27B52}.AppStore|x64.ActiveCfg = Release|Any CPU
		{C0E4AAFE-0561-4F05-BDEF-33EBA4A27B52}.AppStore|x64.Build.0 = Release|Any CPU
		{C0E4AAFE-0561-4F05-BDEF-33EBA4A27B52}.AppStore|x86.ActiveCfg = Release|Any CPU
		{C0E4AAFE-0561-4F05-BDEF-33EBA4A27B52}.AppStore|x86.Build.0 = Release|Any CPU
		{C0E4AAFE-0561-4F05-BDEF-33EBA4A27B52}.Debug|Any CPU.ActiveCfg = Debug|Any CPU
		{C0E4AAFE-0561-4F05-BDEF-33EBA4A27B52}.Debug|Any CPU.Build.0 = Debug|Any CPU
		{C0E4AAFE-0561-4F05-BDEF-33EBA4A27B52}.Debug|ARM.ActiveCfg = Debug|Any CPU
		{C0E4AAFE-0561-4F05-BDEF-33EBA4A27B52}.Debug|ARM.Build.0 = Debug|Any CPU
		{C0E4AAFE-0561-4F05-BDEF-33EBA4A27B52}.Debug|iPhone.ActiveCfg = Debug|Any CPU
		{C0E4AAFE-0561-4F05-BDEF-33EBA4A27B52}.Debug|iPhone.Build.0 = Debug|Any CPU
		{C0E4AAFE-0561-4F05-BDEF-33EBA4A27B52}.Debug|iPhoneSimulator.ActiveCfg = Debug|Any CPU
		{C0E4AAFE-0561-4F05-BDEF-33EBA4A27B52}.Debug|iPhoneSimulator.Build.0 = Debug|Any CPU
		{C0E4AAFE-0561-4F05-BDEF-33EBA4A27B52}.Debug|x64.ActiveCfg = Debug|Any CPU
		{C0E4AAFE-0561-4F05-BDEF-33EBA4A27B52}.Debug|x64.Build.0 = Debug|Any CPU
		{C0E4AAFE-0561-4F05-BDEF-33EBA4A27B52}.Debug|x86.ActiveCfg = Debug|Any CPU
		{C0E4AAFE-0561-4F05-BDEF-33EBA4A27B52}.Debug|x86.Build.0 = Debug|Any CPU
		{C0E4AAFE-0561-4F05-BDEF-33EBA4A27B52}.Release|Any CPU.ActiveCfg = Release|Any CPU
		{C0E4AAFE-0561-4F05-BDEF-33EBA4A27B52}.Release|Any CPU.Build.0 = Release|Any CPU
		{C0E4AAFE-0561-4F05-BDEF-33EBA4A27B52}.Release|ARM.ActiveCfg = Release|Any CPU
		{C0E4AAFE-0561-4F05-BDEF-33EBA4A27B52}.Release|ARM.Build.0 = Release|Any CPU
		{C0E4AAFE-0561-4F05-BDEF-33EBA4A27B52}.Release|iPhone.ActiveCfg = Release|Any CPU
		{C0E4AAFE-0561-4F05-BDEF-33EBA4A27B52}.Release|iPhone.Build.0 = Release|Any CPU
		{C0E4AAFE-0561-4F05-BDEF-33EBA4A27B52}.Release|iPhoneSimulator.ActiveCfg = Release|Any CPU
		{C0E4AAFE-0561-4F05-BDEF-33EBA4A27B52}.Release|iPhoneSimulator.Build.0 = Release|Any CPU
		{C0E4AAFE-0561-4F05-BDEF-33EBA4A27B52}.Release|x64.ActiveCfg = Release|Any CPU
		{C0E4AAFE-0561-4F05-BDEF-33EBA4A27B52}.Release|x64.Build.0 = Release|Any CPU
		{C0E4AAFE-0561-4F05-BDEF-33EBA4A27B52}.Release|x86.ActiveCfg = Release|Any CPU
		{C0E4AAFE-0561-4F05-BDEF-33EBA4A27B52}.Release|x86.Build.0 = Release|Any CPU
		{9F6FA651-8525-424C-8FDD-346EDDB36976}.Ad-Hoc|Any CPU.ActiveCfg = Release|Any CPU
		{9F6FA651-8525-424C-8FDD-346EDDB36976}.Ad-Hoc|Any CPU.Build.0 = Release|Any CPU
		{9F6FA651-8525-424C-8FDD-346EDDB36976}.Ad-Hoc|Any CPU.Deploy.0 = Release|Any CPU
		{9F6FA651-8525-424C-8FDD-346EDDB36976}.Ad-Hoc|ARM.ActiveCfg = Release|Any CPU
		{9F6FA651-8525-424C-8FDD-346EDDB36976}.Ad-Hoc|ARM.Build.0 = Release|Any CPU
		{9F6FA651-8525-424C-8FDD-346EDDB36976}.Ad-Hoc|ARM.Deploy.0 = Release|Any CPU
		{9F6FA651-8525-424C-8FDD-346EDDB36976}.Ad-Hoc|iPhone.ActiveCfg = Release|Any CPU
		{9F6FA651-8525-424C-8FDD-346EDDB36976}.Ad-Hoc|iPhone.Build.0 = Release|Any CPU
		{9F6FA651-8525-424C-8FDD-346EDDB36976}.Ad-Hoc|iPhone.Deploy.0 = Release|Any CPU
		{9F6FA651-8525-424C-8FDD-346EDDB36976}.Ad-Hoc|iPhoneSimulator.ActiveCfg = Release|Any CPU
		{9F6FA651-8525-424C-8FDD-346EDDB36976}.Ad-Hoc|iPhoneSimulator.Build.0 = Release|Any CPU
		{9F6FA651-8525-424C-8FDD-346EDDB36976}.Ad-Hoc|iPhoneSimulator.Deploy.0 = Release|Any CPU
		{9F6FA651-8525-424C-8FDD-346EDDB36976}.Ad-Hoc|x64.ActiveCfg = Release|Any CPU
		{9F6FA651-8525-424C-8FDD-346EDDB36976}.Ad-Hoc|x64.Build.0 = Release|Any CPU
		{9F6FA651-8525-424C-8FDD-346EDDB36976}.Ad-Hoc|x64.Deploy.0 = Release|Any CPU
		{9F6FA651-8525-424C-8FDD-346EDDB36976}.Ad-Hoc|x86.ActiveCfg = Release|Any CPU
		{9F6FA651-8525-424C-8FDD-346EDDB36976}.Ad-Hoc|x86.Build.0 = Release|Any CPU
		{9F6FA651-8525-424C-8FDD-346EDDB36976}.Ad-Hoc|x86.Deploy.0 = Release|Any CPU
		{9F6FA651-8525-424C-8FDD-346EDDB36976}.AppStore|Any CPU.ActiveCfg = Release|Any CPU
		{9F6FA651-8525-424C-8FDD-346EDDB36976}.AppStore|Any CPU.Build.0 = Release|Any CPU
		{9F6FA651-8525-424C-8FDD-346EDDB36976}.AppStore|Any CPU.Deploy.0 = Release|Any CPU
		{9F6FA651-8525-424C-8FDD-346EDDB36976}.AppStore|ARM.ActiveCfg = Release|Any CPU
		{9F6FA651-8525-424C-8FDD-346EDDB36976}.AppStore|ARM.Build.0 = Release|Any CPU
		{9F6FA651-8525-424C-8FDD-346EDDB36976}.AppStore|ARM.Deploy.0 = Release|Any CPU
		{9F6FA651-8525-424C-8FDD-346EDDB36976}.AppStore|iPhone.ActiveCfg = Release|Any CPU
		{9F6FA651-8525-424C-8FDD-346EDDB36976}.AppStore|iPhone.Build.0 = Release|Any CPU
		{9F6FA651-8525-424C-8FDD-346EDDB36976}.AppStore|iPhone.Deploy.0 = Release|Any CPU
		{9F6FA651-8525-424C-8FDD-346EDDB36976}.AppStore|iPhoneSimulator.ActiveCfg = Release|Any CPU
		{9F6FA651-8525-424C-8FDD-346EDDB36976}.AppStore|iPhoneSimulator.Build.0 = Release|Any CPU
		{9F6FA651-8525-424C-8FDD-346EDDB36976}.AppStore|iPhoneSimulator.Deploy.0 = Release|Any CPU
		{9F6FA651-8525-424C-8FDD-346EDDB36976}.AppStore|x64.ActiveCfg = Release|Any CPU
		{9F6FA651-8525-424C-8FDD-346EDDB36976}.AppStore|x64.Build.0 = Release|Any CPU
		{9F6FA651-8525-424C-8FDD-346EDDB36976}.AppStore|x64.Deploy.0 = Release|Any CPU
		{9F6FA651-8525-424C-8FDD-346EDDB36976}.AppStore|x86.ActiveCfg = Release|Any CPU
		{9F6FA651-8525-424C-8FDD-346EDDB36976}.AppStore|x86.Build.0 = Release|Any CPU
		{9F6FA651-8525-424C-8FDD-346EDDB36976}.AppStore|x86.Deploy.0 = Release|Any CPU
		{9F6FA651-8525-424C-8FDD-346EDDB36976}.Debug|Any CPU.ActiveCfg = Debug|Any CPU
		{9F6FA651-8525-424C-8FDD-346EDDB36976}.Debug|Any CPU.Build.0 = Debug|Any CPU
		{9F6FA651-8525-424C-8FDD-346EDDB36976}.Debug|Any CPU.Deploy.0 = Debug|Any CPU
		{9F6FA651-8525-424C-8FDD-346EDDB36976}.Debug|ARM.ActiveCfg = Debug|Any CPU
		{9F6FA651-8525-424C-8FDD-346EDDB36976}.Debug|ARM.Build.0 = Debug|Any CPU
		{9F6FA651-8525-424C-8FDD-346EDDB36976}.Debug|ARM.Deploy.0 = Debug|Any CPU
		{9F6FA651-8525-424C-8FDD-346EDDB36976}.Debug|iPhone.ActiveCfg = Debug|Any CPU
		{9F6FA651-8525-424C-8FDD-346EDDB36976}.Debug|iPhone.Build.0 = Debug|Any CPU
		{9F6FA651-8525-424C-8FDD-346EDDB36976}.Debug|iPhone.Deploy.0 = Debug|Any CPU
		{9F6FA651-8525-424C-8FDD-346EDDB36976}.Debug|iPhoneSimulator.ActiveCfg = Debug|Any CPU
		{9F6FA651-8525-424C-8FDD-346EDDB36976}.Debug|iPhoneSimulator.Build.0 = Debug|Any CPU
		{9F6FA651-8525-424C-8FDD-346EDDB36976}.Debug|iPhoneSimulator.Deploy.0 = Debug|Any CPU
		{9F6FA651-8525-424C-8FDD-346EDDB36976}.Debug|x64.ActiveCfg = Debug|Any CPU
		{9F6FA651-8525-424C-8FDD-346EDDB36976}.Debug|x64.Build.0 = Debug|Any CPU
		{9F6FA651-8525-424C-8FDD-346EDDB36976}.Debug|x64.Deploy.0 = Debug|Any CPU
		{9F6FA651-8525-424C-8FDD-346EDDB36976}.Debug|x86.ActiveCfg = Debug|Any CPU
		{9F6FA651-8525-424C-8FDD-346EDDB36976}.Debug|x86.Build.0 = Debug|Any CPU
		{9F6FA651-8525-424C-8FDD-346EDDB36976}.Debug|x86.Deploy.0 = Debug|Any CPU
		{9F6FA651-8525-424C-8FDD-346EDDB36976}.Release|Any CPU.ActiveCfg = Release|Any CPU
		{9F6FA651-8525-424C-8FDD-346EDDB36976}.Release|Any CPU.Build.0 = Release|Any CPU
		{9F6FA651-8525-424C-8FDD-346EDDB36976}.Release|Any CPU.Deploy.0 = Release|Any CPU
		{9F6FA651-8525-424C-8FDD-346EDDB36976}.Release|ARM.ActiveCfg = Release|Any CPU
		{9F6FA651-8525-424C-8FDD-346EDDB36976}.Release|ARM.Build.0 = Release|Any CPU
		{9F6FA651-8525-424C-8FDD-346EDDB36976}.Release|ARM.Deploy.0 = Release|Any CPU
		{9F6FA651-8525-424C-8FDD-346EDDB36976}.Release|iPhone.ActiveCfg = Release|Any CPU
		{9F6FA651-8525-424C-8FDD-346EDDB36976}.Release|iPhone.Build.0 = Release|Any CPU
		{9F6FA651-8525-424C-8FDD-346EDDB36976}.Release|iPhone.Deploy.0 = Release|Any CPU
		{9F6FA651-8525-424C-8FDD-346EDDB36976}.Release|iPhoneSimulator.ActiveCfg = Release|Any CPU
		{9F6FA651-8525-424C-8FDD-346EDDB36976}.Release|iPhoneSimulator.Build.0 = Release|Any CPU
		{9F6FA651-8525-424C-8FDD-346EDDB36976}.Release|iPhoneSimulator.Deploy.0 = Release|Any CPU
		{9F6FA651-8525-424C-8FDD-346EDDB36976}.Release|x64.ActiveCfg = Release|Any CPU
		{9F6FA651-8525-424C-8FDD-346EDDB36976}.Release|x64.Build.0 = Release|Any CPU
		{9F6FA651-8525-424C-8FDD-346EDDB36976}.Release|x64.Deploy.0 = Release|Any CPU
		{9F6FA651-8525-424C-8FDD-346EDDB36976}.Release|x86.ActiveCfg = Release|Any CPU
		{9F6FA651-8525-424C-8FDD-346EDDB36976}.Release|x86.Build.0 = Release|Any CPU
		{9F6FA651-8525-424C-8FDD-346EDDB36976}.Release|x86.Deploy.0 = Release|Any CPU
		{1A589C1B-C1FB-454C-9E6C-16DF2C5F709A}.Ad-Hoc|Any CPU.ActiveCfg = Ad-Hoc|iPhone
		{1A589C1B-C1FB-454C-9E6C-16DF2C5F709A}.Ad-Hoc|ARM.ActiveCfg = Ad-Hoc|iPhone
		{1A589C1B-C1FB-454C-9E6C-16DF2C5F709A}.Ad-Hoc|iPhone.ActiveCfg = Ad-Hoc|iPhone
		{1A589C1B-C1FB-454C-9E6C-16DF2C5F709A}.Ad-Hoc|iPhone.Build.0 = Ad-Hoc|iPhone
		{1A589C1B-C1FB-454C-9E6C-16DF2C5F709A}.Ad-Hoc|iPhoneSimulator.ActiveCfg = Ad-Hoc|iPhoneSimulator
		{1A589C1B-C1FB-454C-9E6C-16DF2C5F709A}.Ad-Hoc|iPhoneSimulator.Build.0 = Ad-Hoc|iPhoneSimulator
		{1A589C1B-C1FB-454C-9E6C-16DF2C5F709A}.Ad-Hoc|x64.ActiveCfg = Ad-Hoc|iPhone
		{1A589C1B-C1FB-454C-9E6C-16DF2C5F709A}.Ad-Hoc|x86.ActiveCfg = Ad-Hoc|iPhone
		{1A589C1B-C1FB-454C-9E6C-16DF2C5F709A}.AppStore|Any CPU.ActiveCfg = AppStore|iPhone
		{1A589C1B-C1FB-454C-9E6C-16DF2C5F709A}.AppStore|ARM.ActiveCfg = AppStore|iPhone
		{1A589C1B-C1FB-454C-9E6C-16DF2C5F709A}.AppStore|iPhone.ActiveCfg = AppStore|iPhone
		{1A589C1B-C1FB-454C-9E6C-16DF2C5F709A}.AppStore|iPhone.Build.0 = AppStore|iPhone
		{1A589C1B-C1FB-454C-9E6C-16DF2C5F709A}.AppStore|iPhoneSimulator.ActiveCfg = AppStore|iPhoneSimulator
		{1A589C1B-C1FB-454C-9E6C-16DF2C5F709A}.AppStore|iPhoneSimulator.Build.0 = AppStore|iPhoneSimulator
		{1A589C1B-C1FB-454C-9E6C-16DF2C5F709A}.AppStore|x64.ActiveCfg = AppStore|iPhone
		{1A589C1B-C1FB-454C-9E6C-16DF2C5F709A}.AppStore|x86.ActiveCfg = AppStore|iPhone
		{1A589C1B-C1FB-454C-9E6C-16DF2C5F709A}.Debug|Any CPU.ActiveCfg = Debug|iPhone
		{1A589C1B-C1FB-454C-9E6C-16DF2C5F709A}.Debug|ARM.ActiveCfg = Debug|iPhone
		{1A589C1B-C1FB-454C-9E6C-16DF2C5F709A}.Debug|iPhone.ActiveCfg = Debug|iPhone
		{1A589C1B-C1FB-454C-9E6C-16DF2C5F709A}.Debug|iPhone.Build.0 = Debug|iPhone
		{1A589C1B-C1FB-454C-9E6C-16DF2C5F709A}.Debug|iPhoneSimulator.ActiveCfg = Debug|iPhoneSimulator
		{1A589C1B-C1FB-454C-9E6C-16DF2C5F709A}.Debug|iPhoneSimulator.Build.0 = Debug|iPhoneSimulator
		{1A589C1B-C1FB-454C-9E6C-16DF2C5F709A}.Debug|x64.ActiveCfg = Debug|iPhone
		{1A589C1B-C1FB-454C-9E6C-16DF2C5F709A}.Debug|x86.ActiveCfg = Debug|iPhone
		{1A589C1B-C1FB-454C-9E6C-16DF2C5F709A}.Release|Any CPU.ActiveCfg = Release|iPhone
		{1A589C1B-C1FB-454C-9E6C-16DF2C5F709A}.Release|ARM.ActiveCfg = Release|iPhone
		{1A589C1B-C1FB-454C-9E6C-16DF2C5F709A}.Release|iPhone.ActiveCfg = Release|iPhone
		{1A589C1B-C1FB-454C-9E6C-16DF2C5F709A}.Release|iPhone.Build.0 = Release|iPhone
		{1A589C1B-C1FB-454C-9E6C-16DF2C5F709A}.Release|iPhoneSimulator.ActiveCfg = Release|iPhoneSimulator
		{1A589C1B-C1FB-454C-9E6C-16DF2C5F709A}.Release|iPhoneSimulator.Build.0 = Release|iPhoneSimulator
		{1A589C1B-C1FB-454C-9E6C-16DF2C5F709A}.Release|x64.ActiveCfg = Release|iPhone
		{1A589C1B-C1FB-454C-9E6C-16DF2C5F709A}.Release|x86.ActiveCfg = Release|iPhone
		{B6F2F9D5-E6FB-4EB2-ADB5-95047D211857}.Ad-Hoc|Any CPU.ActiveCfg = Release|Any CPU
		{B6F2F9D5-E6FB-4EB2-ADB5-95047D211857}.Ad-Hoc|Any CPU.Build.0 = Release|Any CPU
		{B6F2F9D5-E6FB-4EB2-ADB5-95047D211857}.Ad-Hoc|Any CPU.Deploy.0 = Release|Any CPU
		{B6F2F9D5-E6FB-4EB2-ADB5-95047D211857}.Ad-Hoc|ARM.ActiveCfg = Release|ARM
		{B6F2F9D5-E6FB-4EB2-ADB5-95047D211857}.Ad-Hoc|ARM.Build.0 = Release|ARM
		{B6F2F9D5-E6FB-4EB2-ADB5-95047D211857}.Ad-Hoc|ARM.Deploy.0 = Release|ARM
		{B6F2F9D5-E6FB-4EB2-ADB5-95047D211857}.Ad-Hoc|iPhone.ActiveCfg = Release|Any CPU
		{B6F2F9D5-E6FB-4EB2-ADB5-95047D211857}.Ad-Hoc|iPhone.Build.0 = Release|Any CPU
		{B6F2F9D5-E6FB-4EB2-ADB5-95047D211857}.Ad-Hoc|iPhone.Deploy.0 = Release|Any CPU
		{B6F2F9D5-E6FB-4EB2-ADB5-95047D211857}.Ad-Hoc|iPhoneSimulator.ActiveCfg = Release|Any CPU
		{B6F2F9D5-E6FB-4EB2-ADB5-95047D211857}.Ad-Hoc|iPhoneSimulator.Build.0 = Release|Any CPU
		{B6F2F9D5-E6FB-4EB2-ADB5-95047D211857}.Ad-Hoc|iPhoneSimulator.Deploy.0 = Release|Any CPU
		{B6F2F9D5-E6FB-4EB2-ADB5-95047D211857}.Ad-Hoc|x64.ActiveCfg = Release|Any CPU
		{B6F2F9D5-E6FB-4EB2-ADB5-95047D211857}.Ad-Hoc|x64.Build.0 = Release|Any CPU
		{B6F2F9D5-E6FB-4EB2-ADB5-95047D211857}.Ad-Hoc|x64.Deploy.0 = Release|Any CPU
		{B6F2F9D5-E6FB-4EB2-ADB5-95047D211857}.Ad-Hoc|x86.ActiveCfg = Release|x86
		{B6F2F9D5-E6FB-4EB2-ADB5-95047D211857}.Ad-Hoc|x86.Build.0 = Release|x86
		{B6F2F9D5-E6FB-4EB2-ADB5-95047D211857}.Ad-Hoc|x86.Deploy.0 = Release|x86
		{B6F2F9D5-E6FB-4EB2-ADB5-95047D211857}.AppStore|Any CPU.ActiveCfg = Release|Any CPU
		{B6F2F9D5-E6FB-4EB2-ADB5-95047D211857}.AppStore|Any CPU.Build.0 = Release|Any CPU
		{B6F2F9D5-E6FB-4EB2-ADB5-95047D211857}.AppStore|Any CPU.Deploy.0 = Release|Any CPU
		{B6F2F9D5-E6FB-4EB2-ADB5-95047D211857}.AppStore|ARM.ActiveCfg = Release|ARM
		{B6F2F9D5-E6FB-4EB2-ADB5-95047D211857}.AppStore|ARM.Build.0 = Release|ARM
		{B6F2F9D5-E6FB-4EB2-ADB5-95047D211857}.AppStore|ARM.Deploy.0 = Release|ARM
		{B6F2F9D5-E6FB-4EB2-ADB5-95047D211857}.AppStore|iPhone.ActiveCfg = Release|Any CPU
		{B6F2F9D5-E6FB-4EB2-ADB5-95047D211857}.AppStore|iPhone.Build.0 = Release|Any CPU
		{B6F2F9D5-E6FB-4EB2-ADB5-95047D211857}.AppStore|iPhone.Deploy.0 = Release|Any CPU
		{B6F2F9D5-E6FB-4EB2-ADB5-95047D211857}.AppStore|iPhoneSimulator.ActiveCfg = Release|Any CPU
		{B6F2F9D5-E6FB-4EB2-ADB5-95047D211857}.AppStore|iPhoneSimulator.Build.0 = Release|Any CPU
		{B6F2F9D5-E6FB-4EB2-ADB5-95047D211857}.AppStore|iPhoneSimulator.Deploy.0 = Release|Any CPU
		{B6F2F9D5-E6FB-4EB2-ADB5-95047D211857}.AppStore|x64.ActiveCfg = Release|Any CPU
		{B6F2F9D5-E6FB-4EB2-ADB5-95047D211857}.AppStore|x64.Build.0 = Release|Any CPU
		{B6F2F9D5-E6FB-4EB2-ADB5-95047D211857}.AppStore|x64.Deploy.0 = Release|Any CPU
		{B6F2F9D5-E6FB-4EB2-ADB5-95047D211857}.AppStore|x86.ActiveCfg = Release|x86
		{B6F2F9D5-E6FB-4EB2-ADB5-95047D211857}.AppStore|x86.Build.0 = Release|x86
		{B6F2F9D5-E6FB-4EB2-ADB5-95047D211857}.AppStore|x86.Deploy.0 = Release|x86
		{B6F2F9D5-E6FB-4EB2-ADB5-95047D211857}.Debug|Any CPU.ActiveCfg = Debug|Any CPU
		{B6F2F9D5-E6FB-4EB2-ADB5-95047D211857}.Debug|Any CPU.Build.0 = Debug|Any CPU
		{B6F2F9D5-E6FB-4EB2-ADB5-95047D211857}.Debug|Any CPU.Deploy.0 = Debug|Any CPU
		{B6F2F9D5-E6FB-4EB2-ADB5-95047D211857}.Debug|ARM.ActiveCfg = Debug|ARM
		{B6F2F9D5-E6FB-4EB2-ADB5-95047D211857}.Debug|ARM.Build.0 = Debug|ARM
		{B6F2F9D5-E6FB-4EB2-ADB5-95047D211857}.Debug|ARM.Deploy.0 = Debug|ARM
		{B6F2F9D5-E6FB-4EB2-ADB5-95047D211857}.Debug|iPhone.ActiveCfg = Debug|Any CPU
		{B6F2F9D5-E6FB-4EB2-ADB5-95047D211857}.Debug|iPhone.Build.0 = Debug|Any CPU
		{B6F2F9D5-E6FB-4EB2-ADB5-95047D211857}.Debug|iPhone.Deploy.0 = Debug|Any CPU
		{B6F2F9D5-E6FB-4EB2-ADB5-95047D211857}.Debug|iPhoneSimulator.ActiveCfg = Debug|Any CPU
		{B6F2F9D5-E6FB-4EB2-ADB5-95047D211857}.Debug|iPhoneSimulator.Build.0 = Debug|Any CPU
		{B6F2F9D5-E6FB-4EB2-ADB5-95047D211857}.Debug|iPhoneSimulator.Deploy.0 = Debug|Any CPU
		{B6F2F9D5-E6FB-4EB2-ADB5-95047D211857}.Debug|x64.ActiveCfg = Debug|Any CPU
		{B6F2F9D5-E6FB-4EB2-ADB5-95047D211857}.Debug|x64.Build.0 = Debug|Any CPU
		{B6F2F9D5-E6FB-4EB2-ADB5-95047D211857}.Debug|x64.Deploy.0 = Debug|Any CPU
		{B6F2F9D5-E6FB-4EB2-ADB5-95047D211857}.Debug|x86.ActiveCfg = Debug|x86
		{B6F2F9D5-E6FB-4EB2-ADB5-95047D211857}.Debug|x86.Build.0 = Debug|x86
		{B6F2F9D5-E6FB-4EB2-ADB5-95047D211857}.Debug|x86.Deploy.0 = Debug|x86
		{B6F2F9D5-E6FB-4EB2-ADB5-95047D211857}.Release|Any CPU.ActiveCfg = Release|Any CPU
		{B6F2F9D5-E6FB-4EB2-ADB5-95047D211857}.Release|Any CPU.Build.0 = Release|Any CPU
		{B6F2F9D5-E6FB-4EB2-ADB5-95047D211857}.Release|Any CPU.Deploy.0 = Release|Any CPU
		{B6F2F9D5-E6FB-4EB2-ADB5-95047D211857}.Release|ARM.ActiveCfg = Release|ARM
		{B6F2F9D5-E6FB-4EB2-ADB5-95047D211857}.Release|ARM.Build.0 = Release|ARM
		{B6F2F9D5-E6FB-4EB2-ADB5-95047D211857}.Release|ARM.Deploy.0 = Release|ARM
		{B6F2F9D5-E6FB-4EB2-ADB5-95047D211857}.Release|iPhone.ActiveCfg = Release|Any CPU
		{B6F2F9D5-E6FB-4EB2-ADB5-95047D211857}.Release|iPhone.Build.0 = Release|Any CPU
		{B6F2F9D5-E6FB-4EB2-ADB5-95047D211857}.Release|iPhone.Deploy.0 = Release|Any CPU
		{B6F2F9D5-E6FB-4EB2-ADB5-95047D211857}.Release|iPhoneSimulator.ActiveCfg = Release|Any CPU
		{B6F2F9D5-E6FB-4EB2-ADB5-95047D211857}.Release|iPhoneSimulator.Build.0 = Release|Any CPU
		{B6F2F9D5-E6FB-4EB2-ADB5-95047D211857}.Release|iPhoneSimulator.Deploy.0 = Release|Any CPU
		{B6F2F9D5-E6FB-4EB2-ADB5-95047D211857}.Release|x64.ActiveCfg = Release|Any CPU
		{B6F2F9D5-E6FB-4EB2-ADB5-95047D211857}.Release|x64.Build.0 = Release|Any CPU
		{B6F2F9D5-E6FB-4EB2-ADB5-95047D211857}.Release|x64.Deploy.0 = Release|Any CPU
		{B6F2F9D5-E6FB-4EB2-ADB5-95047D211857}.Release|x86.ActiveCfg = Release|x86
		{B6F2F9D5-E6FB-4EB2-ADB5-95047D211857}.Release|x86.Build.0 = Release|x86
		{B6F2F9D5-E6FB-4EB2-ADB5-95047D211857}.Release|x86.Deploy.0 = Release|x86
		{D4FFA043-CEC6-4EAD-9293-4AC5965A9D7C}.Ad-Hoc|Any CPU.ActiveCfg = Release|Any CPU
		{D4FFA043-CEC6-4EAD-9293-4AC5965A9D7C}.Ad-Hoc|Any CPU.Build.0 = Release|Any CPU
		{D4FFA043-CEC6-4EAD-9293-4AC5965A9D7C}.Ad-Hoc|Any CPU.Deploy.0 = Release|Any CPU
		{D4FFA043-CEC6-4EAD-9293-4AC5965A9D7C}.Ad-Hoc|ARM.ActiveCfg = Release|ARM
		{D4FFA043-CEC6-4EAD-9293-4AC5965A9D7C}.Ad-Hoc|ARM.Build.0 = Release|ARM
		{D4FFA043-CEC6-4EAD-9293-4AC5965A9D7C}.Ad-Hoc|ARM.Deploy.0 = Release|ARM
		{D4FFA043-CEC6-4EAD-9293-4AC5965A9D7C}.Ad-Hoc|iPhone.ActiveCfg = Release|Any CPU
		{D4FFA043-CEC6-4EAD-9293-4AC5965A9D7C}.Ad-Hoc|iPhone.Build.0 = Release|Any CPU
		{D4FFA043-CEC6-4EAD-9293-4AC5965A9D7C}.Ad-Hoc|iPhone.Deploy.0 = Release|Any CPU
		{D4FFA043-CEC6-4EAD-9293-4AC5965A9D7C}.Ad-Hoc|iPhoneSimulator.ActiveCfg = Release|Any CPU
		{D4FFA043-CEC6-4EAD-9293-4AC5965A9D7C}.Ad-Hoc|iPhoneSimulator.Build.0 = Release|Any CPU
		{D4FFA043-CEC6-4EAD-9293-4AC5965A9D7C}.Ad-Hoc|iPhoneSimulator.Deploy.0 = Release|Any CPU
		{D4FFA043-CEC6-4EAD-9293-4AC5965A9D7C}.Ad-Hoc|x64.ActiveCfg = Release|x64
		{D4FFA043-CEC6-4EAD-9293-4AC5965A9D7C}.Ad-Hoc|x64.Build.0 = Release|x64
		{D4FFA043-CEC6-4EAD-9293-4AC5965A9D7C}.Ad-Hoc|x64.Deploy.0 = Release|x64
		{D4FFA043-CEC6-4EAD-9293-4AC5965A9D7C}.Ad-Hoc|x86.ActiveCfg = Release|x86
		{D4FFA043-CEC6-4EAD-9293-4AC5965A9D7C}.Ad-Hoc|x86.Build.0 = Release|x86
		{D4FFA043-CEC6-4EAD-9293-4AC5965A9D7C}.Ad-Hoc|x86.Deploy.0 = Release|x86
		{D4FFA043-CEC6-4EAD-9293-4AC5965A9D7C}.AppStore|Any CPU.ActiveCfg = Release|Any CPU
		{D4FFA043-CEC6-4EAD-9293-4AC5965A9D7C}.AppStore|Any CPU.Build.0 = Release|Any CPU
		{D4FFA043-CEC6-4EAD-9293-4AC5965A9D7C}.AppStore|Any CPU.Deploy.0 = Release|Any CPU
		{D4FFA043-CEC6-4EAD-9293-4AC5965A9D7C}.AppStore|ARM.ActiveCfg = Release|ARM
		{D4FFA043-CEC6-4EAD-9293-4AC5965A9D7C}.AppStore|ARM.Build.0 = Release|ARM
		{D4FFA043-CEC6-4EAD-9293-4AC5965A9D7C}.AppStore|ARM.Deploy.0 = Release|ARM
		{D4FFA043-CEC6-4EAD-9293-4AC5965A9D7C}.AppStore|iPhone.ActiveCfg = Release|Any CPU
		{D4FFA043-CEC6-4EAD-9293-4AC5965A9D7C}.AppStore|iPhone.Build.0 = Release|Any CPU
		{D4FFA043-CEC6-4EAD-9293-4AC5965A9D7C}.AppStore|iPhone.Deploy.0 = Release|Any CPU
		{D4FFA043-CEC6-4EAD-9293-4AC5965A9D7C}.AppStore|iPhoneSimulator.ActiveCfg = Release|Any CPU
		{D4FFA043-CEC6-4EAD-9293-4AC5965A9D7C}.AppStore|iPhoneSimulator.Build.0 = Release|Any CPU
		{D4FFA043-CEC6-4EAD-9293-4AC5965A9D7C}.AppStore|iPhoneSimulator.Deploy.0 = Release|Any CPU
		{D4FFA043-CEC6-4EAD-9293-4AC5965A9D7C}.AppStore|x64.ActiveCfg = Release|x64
		{D4FFA043-CEC6-4EAD-9293-4AC5965A9D7C}.AppStore|x64.Build.0 = Release|x64
		{D4FFA043-CEC6-4EAD-9293-4AC5965A9D7C}.AppStore|x64.Deploy.0 = Release|x64
		{D4FFA043-CEC6-4EAD-9293-4AC5965A9D7C}.AppStore|x86.ActiveCfg = Release|x86
		{D4FFA043-CEC6-4EAD-9293-4AC5965A9D7C}.AppStore|x86.Build.0 = Release|x86
		{D4FFA043-CEC6-4EAD-9293-4AC5965A9D7C}.AppStore|x86.Deploy.0 = Release|x86
		{D4FFA043-CEC6-4EAD-9293-4AC5965A9D7C}.Debug|Any CPU.ActiveCfg = Debug|Any CPU
		{D4FFA043-CEC6-4EAD-9293-4AC5965A9D7C}.Debug|Any CPU.Build.0 = Debug|Any CPU
		{D4FFA043-CEC6-4EAD-9293-4AC5965A9D7C}.Debug|Any CPU.Deploy.0 = Debug|Any CPU
		{D4FFA043-CEC6-4EAD-9293-4AC5965A9D7C}.Debug|ARM.ActiveCfg = Debug|ARM
		{D4FFA043-CEC6-4EAD-9293-4AC5965A9D7C}.Debug|ARM.Build.0 = Debug|ARM
		{D4FFA043-CEC6-4EAD-9293-4AC5965A9D7C}.Debug|ARM.Deploy.0 = Debug|ARM
		{D4FFA043-CEC6-4EAD-9293-4AC5965A9D7C}.Debug|iPhone.ActiveCfg = Debug|Any CPU
		{D4FFA043-CEC6-4EAD-9293-4AC5965A9D7C}.Debug|iPhone.Build.0 = Debug|Any CPU
		{D4FFA043-CEC6-4EAD-9293-4AC5965A9D7C}.Debug|iPhone.Deploy.0 = Debug|Any CPU
		{D4FFA043-CEC6-4EAD-9293-4AC5965A9D7C}.Debug|iPhoneSimulator.ActiveCfg = Debug|Any CPU
		{D4FFA043-CEC6-4EAD-9293-4AC5965A9D7C}.Debug|iPhoneSimulator.Build.0 = Debug|Any CPU
		{D4FFA043-CEC6-4EAD-9293-4AC5965A9D7C}.Debug|iPhoneSimulator.Deploy.0 = Debug|Any CPU
		{D4FFA043-CEC6-4EAD-9293-4AC5965A9D7C}.Debug|x64.ActiveCfg = Debug|x64
		{D4FFA043-CEC6-4EAD-9293-4AC5965A9D7C}.Debug|x64.Build.0 = Debug|x64
		{D4FFA043-CEC6-4EAD-9293-4AC5965A9D7C}.Debug|x64.Deploy.0 = Debug|x64
		{D4FFA043-CEC6-4EAD-9293-4AC5965A9D7C}.Debug|x86.ActiveCfg = Debug|x86
		{D4FFA043-CEC6-4EAD-9293-4AC5965A9D7C}.Debug|x86.Build.0 = Debug|x86
		{D4FFA043-CEC6-4EAD-9293-4AC5965A9D7C}.Debug|x86.Deploy.0 = Debug|x86
		{D4FFA043-CEC6-4EAD-9293-4AC5965A9D7C}.Release|Any CPU.ActiveCfg = Release|Any CPU
		{D4FFA043-CEC6-4EAD-9293-4AC5965A9D7C}.Release|Any CPU.Build.0 = Release|Any CPU
		{D4FFA043-CEC6-4EAD-9293-4AC5965A9D7C}.Release|Any CPU.Deploy.0 = Release|Any CPU
		{D4FFA043-CEC6-4EAD-9293-4AC5965A9D7C}.Release|ARM.ActiveCfg = Release|ARM
		{D4FFA043-CEC6-4EAD-9293-4AC5965A9D7C}.Release|ARM.Build.0 = Release|ARM
		{D4FFA043-CEC6-4EAD-9293-4AC5965A9D7C}.Release|ARM.Deploy.0 = Release|ARM
		{D4FFA043-CEC6-4EAD-9293-4AC5965A9D7C}.Release|iPhone.ActiveCfg = Release|Any CPU
		{D4FFA043-CEC6-4EAD-9293-4AC5965A9D7C}.Release|iPhone.Build.0 = Release|Any CPU
		{D4FFA043-CEC6-4EAD-9293-4AC5965A9D7C}.Release|iPhone.Deploy.0 = Release|Any CPU
		{D4FFA043-CEC6-4EAD-9293-4AC5965A9D7C}.Release|iPhoneSimulator.ActiveCfg = Release|Any CPU
		{D4FFA043-CEC6-4EAD-9293-4AC5965A9D7C}.Release|iPhoneSimulator.Build.0 = Release|Any CPU
		{D4FFA043-CEC6-4EAD-9293-4AC5965A9D7C}.Release|iPhoneSimulator.Deploy.0 = Release|Any CPU
		{D4FFA043-CEC6-4EAD-9293-4AC5965A9D7C}.Release|x64.ActiveCfg = Release|x64
		{D4FFA043-CEC6-4EAD-9293-4AC5965A9D7C}.Release|x64.Build.0 = Release|x64
		{D4FFA043-CEC6-4EAD-9293-4AC5965A9D7C}.Release|x64.Deploy.0 = Release|x64
		{D4FFA043-CEC6-4EAD-9293-4AC5965A9D7C}.Release|x86.ActiveCfg = Release|x86
		{D4FFA043-CEC6-4EAD-9293-4AC5965A9D7C}.Release|x86.Build.0 = Release|x86
		{D4FFA043-CEC6-4EAD-9293-4AC5965A9D7C}.Release|x86.Deploy.0 = Release|x86
	EndGlobalSection
	GlobalSection(SolutionProperties) = preSolution
		HideSolutionNode = FALSE
	EndGlobalSection
EndGlobal
